
Microsoft Visual Studio Solution File, Format Version 12.00
# Visual Studio 2013
VisualStudioVersion = 12.0.21005.1
MinimumVisualStudioVersion = 10.0.40219.1
Project("{FAE04EC0-301F-11D3-BF4B-00C04F79EFBC}") = "lab3", "lab3_xml\lab3.csproj", "{0850187A-7400-4D3D-B821-E7D9E853A609}"
EndProject
Project("{FAE04EC0-301F-11D3-BF4B-00C04F79EFBC}") = "Server_lab4", "Server\Server_lab4.csproj", "{72C82939-D645-433A-8D6D-B2EE584918B6}"
EndProject
Global
	GlobalSection(SolutionConfigurationPlatforms) = preSolution
		Debug|Any CPU = Debug|Any CPU
		Release|Any CPU = Release|Any CPU
	EndGlobalSection
	GlobalSection(ProjectConfigurationPlatforms) = postSolution
		{0850187A-7400-4D3D-B821-E7D9E853A609}.Debug|Any CPU.ActiveCfg = Debug|Any CPU
		{0850187A-7400-4D3D-B821-E7D9E853A609}.Debug|Any CPU.Build.0 = Debug|Any CPU
		{0850187A-7400-4D3D-B821-E7D9E853A609}.Release|Any CPU.ActiveCfg = Release|Any CPU
		{0850187A-7400-4D3D-B821-E7D9E853A609}.Release|Any CPU.Build.0 = Release|Any CPU
		{72C82939-D645-433A-8D6D-B2EE584918B6}.Debug|Any CPU.ActiveCfg = Debug|Any CPU
		{72C82939-D645-433A-8D6D-B2EE584918B6}.Debug|Any CPU.Build.0 = Debug|Any CPU
		{72C82939-D645-433A-8D6D-B2EE584918B6}.Release|Any CPU.ActiveCfg = Release|Any CPU
		{72C82939-D645-433A-8D6D-B2EE584918B6}.Release|Any CPU.Build.0 = Release|Any CPU
	EndGlobalSection
	GlobalSection(SolutionProperties) = preSolution
		HideSolutionNode = FALSE
	EndGlobalSection
EndGlobal
